
Microsoft Visual Studio Solution File, Format Version 12.00
# Visual Studio Version 16
VisualStudioVersion = 16.0.30011.22
MinimumVisualStudioVersion = 10.0.40219.1
Project("{FAE04EC0-301F-11D3-BF4B-00C04F79EFBC}") = "Picture_splice", "Picture_splice\Picture_splice.csproj", "{CA1D1FD8-88DF-4B75-906A-7D416D905876}"
EndProject
Project("{FAE04EC0-301F-11D3-BF4B-00C04F79EFBC}") = "BinaryObject", "BinaryObject\BinaryObject.csproj", "{3735ACB4-BBC0-4706-BB54-64D73DB1F9C6}"
EndProject
Project("{FAE04EC0-301F-11D3-BF4B-00C04F79EFBC}") = "PictureCore", "PictureCore\PictureCore.csproj", "{ABAD7AB3-C5B2-4063-8CE8-37C36F1D9ED9}"
EndProject
Project("{FAE04EC0-301F-11D3-BF4B-00C04F79EFBC}") = "Texts", "Texts\Texts.csproj", "{999F07B8-9DED-41C9-B837-A0046AC7E588}"
EndProject
Global
	GlobalSection(SolutionConfigurationPlatforms) = preSolution
		Debug|Any CPU = Debug|Any CPU
		Release|Any CPU = Release|Any CPU
	EndGlobalSection
	GlobalSection(ProjectConfigurationPlatforms) = postSolution
		{CA1D1FD8-88DF-4B75-906A-7D416D905876}.Debug|Any CPU.ActiveCfg = Debug|Any CPU
		{CA1D1FD8-88DF-4B75-906A-7D416D905876}.Debug|Any CPU.Build.0 = Debug|Any CPU
		{CA1D1FD8-88DF-4B75-906A-7D416D905876}.Release|Any CPU.ActiveCfg = Release|Any CPU
		{CA1D1FD8-88DF-4B75-906A-7D416D905876}.Release|Any CPU.Build.0 = Release|Any CPU
		{3735ACB4-BBC0-4706-BB54-64D73DB1F9C6}.Debug|Any CPU.ActiveCfg = Debug|Any CPU
		{3735ACB4-BBC0-4706-BB54-64D73DB1F9C6}.Debug|Any CPU.Build.0 = Debug|Any CPU
		{3735ACB4-BBC0-4706-BB54-64D73DB1F9C6}.Release|Any CPU.ActiveCfg = Release|Any CPU
		{3735ACB4-BBC0-4706-BB54-64D73DB1F9C6}.Release|Any CPU.Build.0 = Release|Any CPU
		{ABAD7AB3-C5B2-4063-8CE8-37C36F1D9ED9}.Debug|Any CPU.ActiveCfg = Debug|Any CPU
		{ABAD7AB3-C5B2-4063-8CE8-37C36F1D9ED9}.Debug|Any CPU.Build.0 = Debug|Any CPU
		{ABAD7AB3-C5B2-4063-8CE8-37C36F1D9ED9}.Release|Any CPU.ActiveCfg = Release|Any CPU
		{ABAD7AB3-C5B2-4063-8CE8-37C36F1D9ED9}.Release|Any CPU.Build.0 = Release|Any CPU
		{999F07B8-9DED-41C9-B837-A0046AC7E588}.Debug|Any CPU.ActiveCfg = Debug|Any CPU
		{999F07B8-9DED-41C9-B837-A0046AC7E588}.Debug|Any CPU.Build.0 = Debug|Any CPU
		{999F07B8-9DED-41C9-B837-A0046AC7E588}.Release|Any CPU.ActiveCfg = Release|Any CPU
		{999F07B8-9DED-41C9-B837-A0046AC7E588}.Release|Any CPU.Build.0 = Release|Any CPU
	EndGlobalSection
	GlobalSection(SolutionProperties) = preSolution
		HideSolutionNode = FALSE
	EndGlobalSection
	GlobalSection(ExtensibilityGlobals) = postSolution
		SolutionGuid = {12BA665E-16CA-4164-8067-1BF2EEE6E48E}
	EndGlobalSection
EndGlobal
